
Microsoft Visual Studio Solution File, Format Version 12.00
# Visual Studio 15
VisualStudioVersion = 15.0.27428.2043
MinimumVisualStudioVersion = 10.0.40219.1
Project("{9A19103F-16F7-4668-BE54-9A1E7A4F7556}") = "PwnedPasswordsUtil", "src\PwnedPasswordsUtil\PwnedPasswordsUtil.csproj", "{ED2552A6-1A3A-4BFE-878D-7D9CC28F74F4}"
EndProject
Global
	GlobalSection(SolutionConfigurationPlatforms) = preSolution
		Debug|Any CPU = Debug|Any CPU
		Release|Any CPU = Release|Any CPU
	EndGlobalSection
	GlobalSection(ProjectConfigurationPlatforms) = postSolution
		{ED2552A6-1A3A-4BFE-878D-7D9CC28F74F4}.Debug|Any CPU.ActiveCfg = Debug|Any CPU
		{ED2552A6-1A3A-4BFE-878D-7D9CC28F74F4}.Debug|Any CPU.Build.0 = Debug|Any CPU
		{ED2552A6-1A3A-4BFE-878D-7D9CC28F74F4}.Release|Any CPU.ActiveCfg = Release|Any CPU
		{ED2552A6-1A3A-4BFE-878D-7D9CC28F74F4}.Release|Any CPU.Build.0 = Release|Any CPU
	EndGlobalSection
	GlobalSection(SolutionProperties) = preSolution
		HideSolutionNode = FALSE
	EndGlobalSection
	GlobalSection(ExtensibilityGlobals) = postSolution
		SolutionGuid = {28B78D0B-0447-407E-BDC2-2CCC2BCB6149}
	EndGlobalSection
	GlobalSection(Performance) = preSolution
		HasPerformanceSessions = true
	EndGlobalSection
EndGlobal
